// !$*UTF8*$!
{
	archiveVersion = 1;
	classes = {
	};
	objectVersion = 50;
	objects = {

/* Begin PBXBuildFile section */
		D9E5D219209D561E00063762 /* AppDelegate.swift in Sources */ = {isa = PBXBuildFile; fileRef = D9E5D218209D561E00063762 /* AppDelegate.swift */; };
		D9E5D21B209D561E00063762 /* MainVC.swift in Sources */ = {isa = PBXBuildFile; fileRef = D9E5D21A209D561E00063762 /* MainVC.swift */; };
		D9E5D21E209D561E00063762 /* Main.storyboard in Resources */ = {isa = PBXBuildFile; fileRef = D9E5D21C209D561E00063762 /* Main.storyboard */; };
		D9E5D220209D562000063762 /* Assets.xcassets in Resources */ = {isa = PBXBuildFile; fileRef = D9E5D21F209D562000063762 /* Assets.xcassets */; };
		D9E5D223209D562000063762 /* LaunchScreen.storyboard in Resources */ = {isa = PBXBuildFile; fileRef = D9E5D221209D562000063762 /* LaunchScreen.storyboard */; };
		D9E5D249209D5A4B00063762 /* CurrencyTextField.swift in Sources */ = {isa = PBXBuildFile; fileRef = D9E5D248209D5A4B00063762 /* CurrencyTextField.swift */; };
		D9E5D251209E98D800063762 /* shopperWindowTest.swift in Sources */ = {isa = PBXBuildFile; fileRef = D9E5D250209E98D800063762 /* shopperWindowTest.swift */; };
		D9E5D25A209E98FC00063762 /* Wage.swift in Sources */ = {isa = PBXBuildFile; fileRef = D9E5D259209E98FC00063762 /* Wage.swift */; };
		D9E5D25B209E9AC800063762 /* Wage.swift in Sources */ = {isa = PBXBuildFile; fileRef = D9E5D259209E98FC00063762 /* Wage.swift */; };
/* End PBXBuildFile section */

/* Begin PBXContainerItemProxy section */
		D9E5D22A209D562100063762 /* PBXContainerItemProxy */ = {
			isa = PBXContainerItemProxy;
			containerPortal = D9E5D20D209D561E00063762 /* Project object */;
			proxyType = 1;
			remoteGlobalIDString = D9E5D214209D561E00063762;
			remoteInfo = shopperWindow;
		};
		D9E5D235209D562100063762 /* PBXContainerItemProxy */ = {
			isa = PBXContainerItemProxy;
			containerPortal = D9E5D20D209D561E00063762 /* Project object */;
			proxyType = 1;
			remoteGlobalIDString = D9E5D214209D561E00063762;
			remoteInfo = shopperWindow;
		};
		D9E5D253209E98D800063762 /* PBXContainerItemProxy */ = {
			isa = PBXContainerItemProxy;
			containerPortal = D9E5D20D209D561E00063762 /* Project object */;
			proxyType = 1;
			remoteGlobalIDString = D9E5D214209D561E00063762;
			remoteInfo = shopperWindow;
		};
/* End PBXContainerItemProxy section */

/* Begin PBXFileReference section */
		D9E5D215209D561E00063762 /* shopperWindow.app */ = {isa = PBXFileReference; explicitFileType = wrapper.application; includeInIndex = 0; path = shopperWindow.app; sourceTree = BUILT_PRODUCTS_DIR; };
		D9E5D218209D561E00063762 /* AppDelegate.swift */ = {isa = PBXFileReference; lastKnownFileType = sourcecode.swift; path = AppDelegate.swift; sourceTree = "<group>"; };
		D9E5D21A209D561E00063762 /* MainVC.swift */ = {isa = PBXFileReference; lastKnownFileType = sourcecode.swift; path = MainVC.swift; sourceTree = "<group>"; };
		D9E5D21D209D561E00063762 /* Base */ = {isa = PBXFileReference; lastKnownFileType = file.storyboard; name = Base; path = Base.lproj/Main.storyboard; sourceTree = "<group>"; };
		D9E5D21F209D562000063762 /* Assets.xcassets */ = {isa = PBXFileReference; lastKnownFileType = folder.assetcatalog; path = Assets.xcassets; sourceTree = "<group>"; };
		D9E5D222209D562000063762 /* Base */ = {isa = PBXFileReference; lastKnownFileType = file.storyboard; name = Base; path = Base.lproj/LaunchScreen.storyboard; sourceTree = "<group>"; };
		D9E5D224209D562000063762 /* Info.plist */ = {isa = PBXFileReference; lastKnownFileType = text.plist.xml; path = Info.plist; sourceTree = "<group>"; };
		D9E5D229209D562100063762 /* shopperWindowTests.xctest */ = {isa = PBXFileReference; explicitFileType = wrapper.cfbundle; includeInIndex = 0; path = shopperWindowTests.xctest; sourceTree = BUILT_PRODUCTS_DIR; };
		D9E5D234209D562100063762 /* shopperWindowUITests.xctest */ = {isa = PBXFileReference; explicitFileType = wrapper.cfbundle; includeInIndex = 0; path = shopperWindowUITests.xctest; sourceTree = BUILT_PRODUCTS_DIR; };
		D9E5D248209D5A4B00063762 /* CurrencyTextField.swift */ = {isa = PBXFileReference; lastKnownFileType = sourcecode.swift; path = CurrencyTextField.swift; sourceTree = "<group>"; };
		D9E5D24E209E98D800063762 /* shopperWindowTest.xctest */ = {isa = PBXFileReference; explicitFileType = wrapper.cfbundle; includeInIndex = 0; path = shopperWindowTest.xctest; sourceTree = BUILT_PRODUCTS_DIR; };
		D9E5D250209E98D800063762 /* shopperWindowTest.swift */ = {isa = PBXFileReference; lastKnownFileType = sourcecode.swift; path = shopperWindowTest.swift; sourceTree = "<group>"; };
		D9E5D252209E98D800063762 /* Info.plist */ = {isa = PBXFileReference; lastKnownFileType = text.plist.xml; path = Info.plist; sourceTree = "<group>"; };
		D9E5D259209E98FC00063762 /* Wage.swift */ = {isa = PBXFileReference; lastKnownFileType = sourcecode.swift; path = Wage.swift; sourceTree = "<group>"; };
/* End PBXFileReference section */

/* Begin PBXFrameworksBuildPhase section */
		D9E5D212209D561E00063762 /* Frameworks */ = {
			isa = PBXFrameworksBuildPhase;
			buildActionMask = 2147483647;
			files = (
			);
			runOnlyForDeploymentPostprocessing = 0;
		};
		D9E5D226209D562100063762 /* Frameworks */ = {
			isa = PBXFrameworksBuildPhase;
			buildActionMask = 2147483647;
			files = (
			);
			runOnlyForDeploymentPostprocessing = 0;
		};
		D9E5D231209D562100063762 /* Frameworks */ = {
			isa = PBXFrameworksBuildPhase;
			buildActionMask = 2147483647;
			files = (
			);
			runOnlyForDeploymentPostprocessing = 0;
		};
		D9E5D24B209E98D800063762 /* Frameworks */ = {
			isa = PBXFrameworksBuildPhase;
			buildActionMask = 2147483647;
			files = (
			);
			runOnlyForDeploymentPostprocessing = 0;
		};
/* End PBXFrameworksBuildPhase section */

/* Begin PBXGroup section */
		D9E5D20C209D561E00063762 = {
			isa = PBXGroup;
			children = (
				D9E5D217209D561E00063762 /* shopperWindow */,
				D9E5D24F209E98D800063762 /* shopperWindowTest */,
				D9E5D216209D561E00063762 /* Products */,
			);
			sourceTree = "<group>";
		};
		D9E5D216209D561E00063762 /* Products */ = {
			isa = PBXGroup;
			children = (
				D9E5D215209D561E00063762 /* shopperWindow.app */,
				D9E5D229209D562100063762 /* shopperWindowTests.xctest */,
				D9E5D234209D562100063762 /* shopperWindowUITests.xctest */,
				D9E5D24E209E98D800063762 /* shopperWindowTest.xctest */,
			);
			name = Products;
			sourceTree = "<group>";
		};
		D9E5D217209D561E00063762 /* shopperWindow */ = {
			isa = PBXGroup;
			children = (
				D9E5D258209E98E800063762 /* Model */,
				D9E5D247209D5A1F00063762 /* Views */,
				D9E5D246209D575800063762 /* Controller */,
				D9E5D218209D561E00063762 /* AppDelegate.swift */,
				D9E5D21C209D561E00063762 /* Main.storyboard */,
				D9E5D21F209D562000063762 /* Assets.xcassets */,
				D9E5D221209D562000063762 /* LaunchScreen.storyboard */,
				D9E5D224209D562000063762 /* Info.plist */,
			);
			path = shopperWindow;
			sourceTree = "<group>";
		};
		D9E5D246209D575800063762 /* Controller */ = {
			isa = PBXGroup;
			children = (
				D9E5D21A209D561E00063762 /* MainVC.swift */,
			);
			path = Controller;
			sourceTree = "<group>";
		};
		D9E5D247209D5A1F00063762 /* Views */ = {
			isa = PBXGroup;
			children = (
				D9E5D248209D5A4B00063762 /* CurrencyTextField.swift */,
			);
			path = Views;
			sourceTree = "<group>";
		};
		D9E5D24F209E98D800063762 /* shopperWindowTest */ = {
			isa = PBXGroup;
			children = (
				D9E5D250209E98D800063762 /* shopperWindowTest.swift */,
				D9E5D252209E98D800063762 /* Info.plist */,
			);
			path = shopperWindowTest;
			sourceTree = "<group>";
		};
		D9E5D258209E98E800063762 /* Model */ = {
			isa = PBXGroup;
			children = (
				D9E5D259209E98FC00063762 /* Wage.swift */,
			);
			path = Model;
			sourceTree = "<group>";
		};
/* End PBXGroup section */

/* Begin PBXNativeTarget section */
		D9E5D214209D561E00063762 /* shopperWindow */ = {
			isa = PBXNativeTarget;
			buildConfigurationList = D9E5D23D209D562100063762 /* Build configuration list for PBXNativeTarget "shopperWindow" */;
			buildPhases = (
				D9E5D211209D561E00063762 /* Sources */,
				D9E5D212209D561E00063762 /* Frameworks */,
				D9E5D213209D561E00063762 /* Resources */,
			);
			buildRules = (
			);
			dependencies = (
			);
			name = shopperWindow;
			productName = shopperWindow;
			productReference = D9E5D215209D561E00063762 /* shopperWindow.app */;
			productType = "com.apple.product-type.application";
		};
		D9E5D228209D562100063762 /* shopperWindowTests */ = {
			isa = PBXNativeTarget;
			buildConfigurationList = D9E5D240209D562100063762 /* Build configuration list for PBXNativeTarget "shopperWindowTests" */;
			buildPhases = (
				D9E5D225209D562100063762 /* Sources */,
				D9E5D226209D562100063762 /* Frameworks */,
				D9E5D227209D562100063762 /* Resources */,
			);
			buildRules = (
			);
			dependencies = (
				D9E5D22B209D562100063762 /* PBXTargetDependency */,
			);
			name = shopperWindowTests;
			productName = shopperWindowTests;
			productReference = D9E5D229209D562100063762 /* shopperWindowTests.xctest */;
			productType = "com.apple.product-type.bundle.unit-test";
		};
		D9E5D233209D562100063762 /* shopperWindowUITests */ = {
			isa = PBXNativeTarget;
			buildConfigurationList = D9E5D243209D562100063762 /* Build configuration list for PBXNativeTarget "shopperWindowUITests" */;
			buildPhases = (
				D9E5D230209D562100063762 /* Sources */,
				D9E5D231209D562100063762 /* Frameworks */,
				D9E5D232209D562100063762 /* Resources */,
			);
			buildRules = (
			);
			dependencies = (
				D9E5D236209D562100063762 /* PBXTargetDependency */,
			);
			name = shopperWindowUITests;
			productName = shopperWindowUITests;
			productReference = D9E5D234209D562100063762 /* shopperWindowUITests.xctest */;
			productType = "com.apple.product-type.bundle.ui-testing";
		};
		D9E5D24D209E98D800063762 /* shopperWindowTest */ = {
			isa = PBXNativeTarget;
			buildConfigurationList = D9E5D255209E98D800063762 /* Build configuration list for PBXNativeTarget "shopperWindowTest" */;
			buildPhases = (
				D9E5D24A209E98D800063762 /* Sources */,
				D9E5D24B209E98D800063762 /* Frameworks */,
				D9E5D24C209E98D800063762 /* Resources */,
			);
			buildRules = (
			);
			dependencies = (
				D9E5D254209E98D800063762 /* PBXTargetDependency */,
			);
			name = shopperWindowTest;
			productName = shopperWindowTest;
			productReference = D9E5D24E209E98D800063762 /* shopperWindowTest.xctest */;
			productType = "com.apple.product-type.bundle.unit-test";
		};
/* End PBXNativeTarget section */

/* Begin PBXProject section */
		D9E5D20D209D561E00063762 /* Project object */ = {
			isa = PBXProject;
			attributes = {
				LastSwiftUpdateCheck = 0930;
				LastUpgradeCheck = 0930;
				ORGANIZATIONNAME = "Marlon Avery";
				TargetAttributes = {
					D9E5D214209D561E00063762 = {
						CreatedOnToolsVersion = 9.3;
					};
					D9E5D228209D562100063762 = {
						CreatedOnToolsVersion = 9.3;
						TestTargetID = D9E5D214209D561E00063762;
					};
					D9E5D233209D562100063762 = {
						CreatedOnToolsVersion = 9.3;
						TestTargetID = D9E5D214209D561E00063762;
					};
					D9E5D24D209E98D800063762 = {
						CreatedOnToolsVersion = 9.3;
						TestTargetID = D9E5D214209D561E00063762;
					};
				};
			};
			buildConfigurationList = D9E5D210209D561E00063762 /* Build configuration list for PBXProject "shopperWindow" */;
			compatibilityVersion = "Xcode 9.3";
			developmentRegion = en;
			hasScannedForEncodings = 0;
			knownRegions = (
				en,
				Base,
			);
			mainGroup = D9E5D20C209D561E00063762;
			productRefGroup = D9E5D216209D561E00063762 /* Products */;
			projectDirPath = "";
			projectRoot = "";
			targets = (
				D9E5D214209D561E00063762 /* shopperWindow */,
				D9E5D228209D562100063762 /* shopperWindowTests */,
				D9E5D233209D562100063762 /* shopperWindowUITests */,
				D9E5D24D209E98D800063762 /* shopperWindowTest */,
			);
		};
/* End PBXProject section */

/* Begin PBXResourcesBuildPhase section */
		D9E5D213209D561E00063762 /* Resources */ = {
			isa = PBXResourcesBuildPhase;
			buildActionMask = 2147483647;
			files = (
				D9E5D223209D562000063762 /* LaunchScreen.storyboard in Resources */,
				D9E5D220209D562000063762 /* Assets.xcassets in Resources */,
				D9E5D21E209D561E00063762 /* Main.storyboard in Resources */,
			);
			runOnlyForDeploymentPostprocessing = 0;
		};
		D9E5D227209D562100063762 /* Resources */ = {
			isa = PBXResourcesBuildPhase;
			buildActionMask = 2147483647;
			files = (
			);
			runOnlyForDeploymentPostprocessing = 0;
		};
		D9E5D232209D562100063762 /* Resources */ = {
			isa = PBXResourcesBuildPhase;
			buildActionMask = 2147483647;
			files = (
			);
			runOnlyForDeploymentPostprocessing = 0;
		};
		D9E5D24C209E98D800063762 /* Resources */ = {
			isa = PBXResourcesBuildPhase;
			buildActionMask = 2147483647;
			files = (
			);
			runOnlyForDeploymentPostprocessing = 0;
		};
/* End PBXResourcesBuildPhase section */

/* Begin PBXSourcesBuildPhase section */
		D9E5D211209D561E00063762 /* Sources */ = {
			isa = PBXSourcesBuildPhase;
			buildActionMask = 2147483647;
			files = (
				D9E5D249209D5A4B00063762 /* CurrencyTextField.swift in Sources */,
				D9E5D25A209E98FC00063762 /* Wage.swift in Sources */,
				D9E5D21B209D561E00063762 /* MainVC.swift in Sources */,
				D9E5D219209D561E00063762 /* AppDelegate.swift in Sources */,
			);
			runOnlyForDeploymentPostprocessing = 0;
		};
		D9E5D225209D562100063762 /* Sources */ = {
			isa = PBXSourcesBuildPhase;
			buildActionMask = 2147483647;
			files = (
			);
			runOnlyForDeploymentPostprocessing = 0;
		};
		D9E5D230209D562100063762 /* Sources */ = {
			isa = PBXSourcesBuildPhase;
			buildActionMask = 2147483647;
			files = (
			);
			runOnlyForDeploymentPostprocessing = 0;
		};
		D9E5D24A209E98D800063762 /* Sources */ = {
			isa = PBXSourcesBuildPhase;
			buildActionMask = 2147483647;
			files = (
				D9E5D251209E98D800063762 /* shopperWindowTest.swift in Sources */,
				D9E5D25B209E9AC800063762 /* Wage.swift in Sources */,
			);
			runOnlyForDeploymentPostprocessing = 0;
		};
/* End PBXSourcesBuildPhase section */

/* Begin PBXTargetDependency section */
		D9E5D22B209D562100063762 /* PBXTargetDependency */ = {
			isa = PBXTargetDependency;
			target = D9E5D214209D561E00063762 /* shopperWindow */;
			targetProxy = D9E5D22A209D562100063762 /* PBXContainerItemProxy */;
		};
		D9E5D236209D562100063762 /* PBXTargetDependency */ = {
			isa = PBXTargetDependency;
			target = D9E5D214209D561E00063762 /* shopperWindow */;
			targetProxy = D9E5D235209D562100063762 /* PBXContainerItemProxy */;
		};
		D9E5D254209E98D800063762 /* PBXTargetDependency */ = {
			isa = PBXTargetDependency;
			target = D9E5D214209D561E00063762 /* shopperWindow */;
			targetProxy = D9E5D253209E98D800063762 /* PBXContainerItemProxy */;
		};
/* End PBXTargetDependency section */

/* Begin PBXVariantGroup section */
		D9E5D21C209D561E00063762 /* Main.storyboard */ = {
			isa = PBXVariantGroup;
			children = (
				D9E5D21D209D561E00063762 /* Base */,
			);
			name = Main.storyboard;
			sourceTree = "<group>";
		};
		D9E5D221209D562000063762 /* LaunchScreen.storyboard */ = {
			isa = PBXVariantGroup;
			children = (
				D9E5D222209D562000063762 /* Base */,
			);
			name = LaunchScreen.storyboard;
			sourceTree = "<group>";
		};
/* End PBXVariantGroup section */

/* Begin XCBuildConfiguration section */
		D9E5D23B209D562100063762 /* Debug */ = {
			isa = XCBuildConfiguration;
			buildSettings = {
				ALWAYS_SEARCH_USER_PATHS = NO;
				CLANG_ANALYZER_NONNULL = YES;
				CLANG_ANALYZER_NUMBER_OBJECT_CONVERSION = YES_AGGRESSIVE;
				CLANG_CXX_LANGUAGE_STANDARD = "gnu++14";
				CLANG_CXX_LIBRARY = "libc++";
				CLANG_ENABLE_MODULES = YES;
				CLANG_ENABLE_OBJC_ARC = YES;
				CLANG_ENABLE_OBJC_WEAK = YES;
				CLANG_WARN_BLOCK_CAPTURE_AUTORELEASING = YES;
				CLANG_WARN_BOOL_CONVERSION = YES;
				CLANG_WARN_COMMA = YES;
				CLANG_WARN_CONSTANT_CONVERSION = YES;
				CLANG_WARN_DEPRECATED_OBJC_IMPLEMENTATIONS = YES;
				CLANG_WARN_DIRECT_OBJC_ISA_USAGE = YES_ERROR;
				CLANG_WARN_DOCUMENTATION_COMMENTS = YES;
				CLANG_WARN_EMPTY_BODY = YES;
				CLANG_WARN_ENUM_CONVERSION = YES;
				CLANG_WARN_INFINITE_RECURSION = YES;
				CLANG_WARN_INT_CONVERSION = YES;
				CLANG_WARN_NON_LITERAL_NULL_CONVERSION = YES;
				CLANG_WARN_OBJC_IMPLICIT_RETAIN_SELF = YES;
				CLANG_WARN_OBJC_LITERAL_CONVERSION = YES;
				CLANG_WARN_OBJC_ROOT_CLASS = YES_ERROR;
				CLANG_WARN_RANGE_LOOP_ANALYSIS = YES;
				CLANG_WARN_STRICT_PROTOTYPES = YES;
				CLANG_WARN_SUSPICIOUS_MOVE = YES;
				CLANG_WARN_UNGUARDED_AVAILABILITY = YES_AGGRESSIVE;
				CLANG_WARN_UNREACHABLE_CODE = YES;
				CLANG_WARN__DUPLICATE_METHOD_MATCH = YES;
				CODE_SIGN_IDENTITY = "iPhone Developer";
				COPY_PHASE_STRIP = NO;
				DEBUG_INFORMATION_FORMAT = dwarf;
				ENABLE_STRICT_OBJC_MSGSEND = YES;
				ENABLE_TESTABILITY = YES;
				GCC_C_LANGUAGE_STANDARD = gnu11;
				GCC_DYNAMIC_NO_PIC = NO;
				GCC_NO_COMMON_BLOCKS = YES;
				GCC_OPTIMIZATION_LEVEL = 0;
				GCC_PREPROCESSOR_DEFINITIONS = (
					"DEBUG=1",
					"$(inherited)",
				);
				GCC_WARN_64_TO_32_BIT_CONVERSION = YES;
				GCC_WARN_ABOUT_RETURN_TYPE = YES_ERROR;
				GCC_WARN_UNDECLARED_SELECTOR = YES;
				GCC_WARN_UNINITIALIZED_AUTOS = YES_AGGRESSIVE;
				GCC_WARN_UNUSED_FUNCTION = YES;
				GCC_WARN_UNUSED_VARIABLE = YES;
				IPHONEOS_DEPLOYMENT_TARGET = 11.3;
				MTL_ENABLE_DEBUG_INFO = YES;
				ONLY_ACTIVE_ARCH = YES;
				SDKROOT = iphoneos;
				SWIFT_ACTIVE_COMPILATION_CONDITIONS = DEBUG;
				SWIFT_OPTIMIZATION_LEVEL = "-Onone";
			};
			name = Debug;
		};
		D9E5D23C209D562100063762 /* Release */ = {
			isa = XCBuildConfiguration;
			buildSettings = {
				ALWAYS_SEARCH_USER_PATHS = NO;
				CLANG_ANALYZER_NONNULL = YES;
				CLANG_ANALYZER_NUMBER_OBJECT_CONVERSION = YES_AGGRESSIVE;
				CLANG_CXX_LANGUAGE_STANDARD = "gnu++14";
				CLANG_CXX_LIBRARY = "libc++";
				CLANG_ENABLE_MODULES = YES;
				CLANG_ENABLE_OBJC_ARC = YES;
				CLANG_ENABLE_OBJC_WEAK = YES;
				CLANG_WARN_BLOCK_CAPTURE_AUTORELEASING = YES;
				CLANG_WARN_BOOL_CONVERSION = YES;
				CLANG_WARN_COMMA = YES;
				CLANG_WARN_CONSTANT_CONVERSION = YES;
				CLANG_WARN_DEPRECATED_OBJC_IMPLEMENTATIONS = YES;
				CLANG_WARN_DIRECT_OBJC_ISA_USAGE = YES_ERROR;
				CLANG_WARN_DOCUMENTATION_COMMENTS = YES;
				CLANG_WARN_EMPTY_BODY = YES;
				CLANG_WARN_ENUM_CONVERSION = YES;
				CLANG_WARN_INFINITE_RECURSION = YES;
				CLANG_WARN_INT_CONVERSION = YES;
				CLANG_WARN_NON_LITERAL_NULL_CONVERSION = YES;
				CLANG_WARN_OBJC_IMPLICIT_RETAIN_SELF = YES;
				CLANG_WARN_OBJC_LITERAL_CONVERSION = YES;
				CLANG_WARN_OBJC_ROOT_CLASS = YES_ERROR;
				CLANG_WARN_RANGE_LOOP_ANALYSIS = YES;
				CLANG_WARN_STRICT_PROTOTYPES = YES;
				CLANG_WARN_SUSPICIOUS_MOVE = YES;
				CLANG_WARN_UNGUARDED_AVAILABILITY = YES_AGGRESSIVE;
				CLANG_WARN_UNREACHABLE_CODE = YES;
				CLANG_WARN__DUPLICATE_METHOD_MATCH = YES;
				CODE_SIGN_IDENTITY = "iPhone Developer";
				COPY_PHASE_STRIP = NO;
				DEBUG_INFORMATION_FORMAT = "dwarf-with-dsym";
				ENABLE_NS_ASSERTIONS = NO;
				ENABLE_STRICT_OBJC_MSGSEND = YES;
				GCC_C_LANGUAGE_STANDARD = gnu11;
				GCC_NO_COMMON_BLOCKS = YES;
				GCC_WARN_64_TO_32_BIT_CONVERSION = YES;
				GCC_WARN_ABOUT_RETURN_TYPE = YES_ERROR;
				GCC_WARN_UNDECLARED_SELECTOR = YES;
				GCC_WARN_UNINITIALIZED_AUTOS = YES_AGGRESSIVE;
				GCC_WARN_UNUSED_FUNCTION = YES;
				GCC_WARN_UNUSED_VARIABLE = YES;
				IPHONEOS_DEPLOYMENT_TARGET = 11.3;
				MTL_ENABLE_DEBUG_INFO = NO;
				SDKROOT = iphoneos;
				SWIFT_COMPILATION_MODE = wholemodule;
				SWIFT_OPTIMIZATION_LEVEL = "-O";
				VALIDATE_PRODUCT = YES;
			};
			name = Release;
		};
		D9E5D23E209D562100063762 /* Debug */ = {
			isa = XCBuildConfiguration;
			buildSettings = {
				ASSETCATALOG_COMPILER_APPICON_NAME = AppIcon;
				CODE_SIGN_STYLE = Automatic;
				DEVELOPMENT_TEAM = 4WWZX2UX5Q;
				INFOPLIST_FILE = shopperWindow/Info.plist;
				LD_RUNPATH_SEARCH_PATHS = (
					"$(inherited)",
					"@executable_path/Frameworks",
				);
				PRODUCT_BUNDLE_IDENTIFIER = com.rekure.shopperWindow;
				PRODUCT_NAME = "$(TARGET_NAME)";
				SWIFT_VERSION = 4.0;
				TARGETED_DEVICE_FAMILY = "1,2";
			};
			name = Debug;
		};
		D9E5D23F209D562100063762 /* Release */ = {
			isa = XCBuildConfiguration;
			buildSettings = {
				ASSETCATALOG_COMPILER_APPICON_NAME = AppIcon;
				CODE_SIGN_STYLE = Automatic;
				DEVELOPMENT_TEAM = 4WWZX2UX5Q;
				INFOPLIST_FILE = shopperWindow/Info.plist;
				LD_RUNPATH_SEARCH_PATHS = (
					"$(inherited)",
					"@executable_path/Frameworks",
				);
				PRODUCT_BUNDLE_IDENTIFIER = com.rekure.shopperWindow;
				PRODUCT_NAME = "$(TARGET_NAME)";
				SWIFT_VERSION = 4.0;
				TARGETED_DEVICE_FAMILY = "1,2";
			};
			name = Release;
		};
		D9E5D241209D562100063762 /* Debug */ = {
			isa = XCBuildConfiguration;
			buildSettings = {
				ALWAYS_EMBED_SWIFT_STANDARD_LIBRARIES = YES;
				BUNDLE_LOADER = "$(TEST_HOST)";
				CODE_SIGN_STYLE = Automatic;
				DEVELOPMENT_TEAM = 4WWZX2UX5Q;
				INFOPLIST_FILE = shopperWindowTests/Info.plist;
				LD_RUNPATH_SEARCH_PATHS = (
					"$(inherited)",
					"@executable_path/Frameworks",
					"@loader_path/Frameworks",
				);
				PRODUCT_BUNDLE_IDENTIFIER = com.rekure.shopperWindowTests;
				PRODUCT_NAME = "$(TARGET_NAME)";
				SWIFT_VERSION = 4.0;
				TARGETED_DEVICE_FAMILY = "1,2";
				TEST_HOST = "$(BUILT_PRODUCTS_DIR)/shopperWindow.app/shopperWindow";
			};
			name = Debug;
		};
		D9E5D242209D562100063762 /* Release */ = {
			isa = XCBuildConfiguration;
			buildSettings = {
				ALWAYS_EMBED_SWIFT_STANDARD_LIBRARIES = YES;
				BUNDLE_LOADER = "$(TEST_HOST)";
				CODE_SIGN_STYLE = Automatic;
				DEVELOPMENT_TEAM = 4WWZX2UX5Q;
				INFOPLIST_FILE = shopperWindowTests/Info.plist;
				LD_RUNPATH_SEARCH_PATHS = (
					"$(inherited)",
					"@executable_path/Frameworks",
					"@loader_path/Frameworks",
				);
				PRODUCT_BUNDLE_IDENTIFIER = com.rekure.shopperWindowTests;
				PRODUCT_NAME = "$(TARGET_NAME)";
				SWIFT_VERSION = 4.0;
				TARGETED_DEVICE_FAMILY = "1,2";
				TEST_HOST = "$(BUILT_PRODUCTS_DIR)/shopperWindow.app/shopperWindow";
			};
			name = Release;
		};
		D9E5D244209D562100063762 /* Debug */ = {
			isa = XCBuildConfiguration;
			buildSettings = {
				ALWAYS_EMBED_SWIFT_STANDARD_LIBRARIES = YES;
				CODE_SIGN_STYLE = Automatic;
				DEVELOPMENT_TEAM = 4WWZX2UX5Q;
				INFOPLIST_FILE = shopperWindowUITests/Info.plist;
				LD_RUNPATH_SEARCH_PATHS = (
					"$(inherited)",
					"@executable_path/Frameworks",
					"@loader_path/Frameworks",
				);
				PRODUCT_BUNDLE_IDENTIFIER = com.rekure.shopperWindowUITests;
				PRODUCT_NAME = "$(TARGET_NAME)";
				SWIFT_VERSION = 4.0;
				TARGETED_DEVICE_FAMILY = "1,2";
				TEST_TARGET_NAME = shopperWindow;
			};
			name = Debug;
		};
		D9E5D245209D562100063762 /* Release */ = {
			isa = XCBuildConfiguration;
			buildSettings = {
				ALWAYS_EMBED_SWIFT_STANDARD_LIBRARIES = YES;
				CODE_SIGN_STYLE = Automatic;
				DEVELOPMENT_TEAM = 4WWZX2UX5Q;
				INFOPLIST_FILE = shopperWindowUITests/Info.plist;
				LD_RUNPATH_SEARCH_PATHS = (
					"$(inherited)",
					"@executable_path/Frameworks",
					"@loader_path/Frameworks",
				);
				PRODUCT_BUNDLE_IDENTIFIER = com.rekure.shopperWindowUITests;
				PRODUCT_NAME = "$(TARGET_NAME)";
				SWIFT_VERSION = 4.0;
				TARGETED_DEVICE_FAMILY = "1,2";
				TEST_TARGET_NAME = shopperWindow;
			};
			name = Release;
		};
		D9E5D256209E98D800063762 /* Debug */ = {
			isa = XCBuildConfiguration;
			buildSettings = {
				BUNDLE_LOADER = "$(TEST_HOST)";
				CODE_SIGN_STYLE = Automatic;
				DEVELOPMENT_TEAM = 4WWZX2UX5Q;
				INFOPLIST_FILE = shopperWindowTest/Info.plist;
				LD_RUNPATH_SEARCH_PATHS = (
					"$(inherited)",
					"@executable_path/Frameworks",
					"@loader_path/Frameworks",
				);
				PRODUCT_BUNDLE_IDENTIFIER = com.rekure.shopperWindowTest;
				PRODUCT_NAME = "$(TARGET_NAME)";
				SWIFT_VERSION = 4.0;
				TARGETED_DEVICE_FAMILY = "1,2";
				TEST_HOST = "$(BUILT_PRODUCTS_DIR)/shopperWindow.app/shopperWindow";
			};
			name = Debug;
		};
		D9E5D257209E98D800063762 /* Release */ = {
			isa = XCBuildConfiguration;
			buildSettings = {
				BUNDLE_LOADER = "$(TEST_HOST)";
				CODE_SIGN_STYLE = Automatic;
				DEVELOPMENT_TEAM = 4WWZX2UX5Q;
				INFOPLIST_FILE = shopperWindowTest/Info.plist;
				LD_RUNPATH_SEARCH_PATHS = (
					"$(inherited)",
					"@executable_path/Frameworks",
					"@loader_path/Frameworks",
				);
				PRODUCT_BUNDLE_IDENTIFIER = com.rekure.shopperWindowTest;
				PRODUCT_NAME = "$(TARGET_NAME)";
				SWIFT_VERSION = 4.0;
				TARGETED_DEVICE_FAMILY = "1,2";
				TEST_HOST = "$(BUILT_PRODUCTS_DIR)/shopperWindow.app/shopperWindow";
			};
			name = Release;
		};
/* End XCBuildConfiguration section */

/* Begin XCConfigurationList section */
		D9E5D210209D561E00063762 /* Build configuration list for PBXProject "shopperWindow" */ = {
			isa = XCConfigurationList;
			buildConfigurations = (
				D9E5D23B209D562100063762 /* Debug */,
				D9E5D23C209D562100063762 /* Release */,
			);
			defaultConfigurationIsVisible = 0;
			defaultConfigurationName = Release;
		};
		D9E5D23D209D562100063762 /* Build configuration list for PBXNativeTarget "shopperWindow" */ = {
			isa = XCConfigurationList;
			buildConfigurations = (
				D9E5D23E209D562100063762 /* Debug */,
				D9E5D23F209D562100063762 /* Release */,
			);
			defaultConfigurationIsVisible = 0;
			defaultConfigurationName = Release;
		};
		D9E5D240209D562100063762 /* Build configuration list for PBXNativeTarget "shopperWindowTests" */ = {
			isa = XCConfigurationList;
			buildConfigurations = (
				D9E5D241209D562100063762 /* Debug */,
				D9E5D242209D562100063762 /* Release */,
			);
			defaultConfigurationIsVisible = 0;
			defaultConfigurationName = Release;
		};
		D9E5D243209D562100063762 /* Build configuration list for PBXNativeTarget "shopperWindowUITests" */ = {
			isa = XCConfigurationList;
			buildConfigurations = (
				D9E5D244209D562100063762 /* Debug */,
				D9E5D245209D562100063762 /* Release */,
			);
			defaultConfigurationIsVisible = 0;
			defaultConfigurationName = Release;
		};
		D9E5D255209E98D800063762 /* Build configuration list for PBXNativeTarget "shopperWindowTest" */ = {
			isa = XCConfigurationList;
			buildConfigurations = (
				D9E5D256209E98D800063762 /* Debug */,
				D9E5D257209E98D800063762 /* Release */,
			);
			defaultConfigurationIsVisible = 0;
			defaultConfigurationName = Release;
		};
/* End XCConfigurationList section */
	};
	rootObject = D9E5D20D209D561E00063762 /* Project object */;
}
